Microsoft Visual Studio Solution File, Format Version 12.00
# Visual Studio Version 17
VisualStudioVersion = 17.13.35828.75
MinimumVisualStudioVersion = 10.0.40219.1
Project("{FAE04EC0-301F-11D3-BF4B-00C04F79EFBC}") = "WebApplicationForJenkins", "WebApplicationForJenkins\WebApplicationForJenkins.csproj", "{73AED500-AB5E-4E1B-BF58-1A541D0F260F}"
EndProject
Global
	GlobalSection(SolutionConfigurationPlatforms) = preSolution
		Debug|Any CPU = Debug|Any CPU
		Release|Any CPU = Release|Any CPU
	EndGlobalSection
	GlobalSection(ProjectConfigurationPlatforms) = postSolution
		{73AED500-AB5E-4E1B-BF58-1A541D0F260F}.Debug|Any CPU.ActiveCfg = Debug|Any CPU
		{73AED500-AB5E-4E1B-BF58-1A541D0F260F}.Debug|Any CPU.Build.0 = Debug|Any CPU
		{73AED500-AB5E-4E1B-BF58-1A541D0F260F}.Release|Any CPU.ActiveCfg = Release|Any CPU
		{73AED500-AB5E-4E1B-BF58-1A541D0F260F}.Release|Any CPU.Build.0 = Release|Any CPU
	EndGlobalSection
	GlobalSection(SolutionProperties) = preSolution
		HideSolutionNode = FALSE
	EndGlobalSection
	GlobalSection(ExtensibilityGlobals) = postSolution
		SolutionGuid = {42EC5DFE-1EA4-4368-B37A-7C881ABD64DF}
	EndGlobalSection
EndGlobal
